// !$*UTF8*$!
{
	archiveVersion = 1;
	classes = {
	};
	objectVersion = 56;
	objects = {

/* Begin PBXBuildFile section */
		9F6433E02A709AB9005C6031 /* Enumeration.swift in Sources */ = {isa = PBXBuildFile; fileRef = 9F6433DF2A709AB9005C6031 /* Enumeration.swift */; };
		9FE02CC92A707CBC00D4E4B1 /* AppDelegate.swift in Sources */ = {isa = PBXBuildFile; fileRef = 9FE02CC82A707CBC00D4E4B1 /* AppDelegate.swift */; };
		9FE02CCB2A707CBC00D4E4B1 /* SceneDelegate.swift in Sources */ = {isa = PBXBuildFile; fileRef = 9FE02CCA2A707CBC00D4E4B1 /* SceneDelegate.swift */; };
		9FE02CCD2A707CBC00D4E4B1 /* ViewController.swift in Sources */ = {isa = PBXBuildFile; fileRef = 9FE02CCC2A707CBC00D4E4B1 /* ViewController.swift */; };
		9FE02CD02A707CBC00D4E4B1 /* Main.storyboard in Resources */ = {isa = PBXBuildFile; fileRef = 9FE02CCE2A707CBC00D4E4B1 /* Main.storyboard */; };
		9FE02CD22A707CC100D4E4B1 /* Assets.xcassets in Resources */ = {isa = PBXBuildFile; fileRef = 9FE02CD12A707CC100D4E4B1 /* Assets.xcassets */; };
		9FE02CD52A707CC100D4E4B1 /* LaunchScreen.storyboard in Resources */ = {isa = PBXBuildFile; fileRef = 9FE02CD32A707CC100D4E4B1 /* LaunchScreen.storyboard */; };
		9FE02CDD2A707EEC00D4E4B1 /* EmotionViewController.swift in Sources */ = {isa = PBXBuildFile; fileRef = 9FE02CDC2A707EEB00D4E4B1 /* EmotionViewController.swift */; };
		9FE02CDF2A70917900D4E4B1 /* DataViewController.swift in Sources */ = {isa = PBXBuildFile; fileRef = 9FE02CDE2A70917900D4E4B1 /* DataViewController.swift */; };
/* End PBXBuildFile section */

/* Begin PBXFileReference section */
		9F6433DF2A709AB9005C6031 /* Enumeration.swift */ = {isa = PBXFileReference; lastKnownFileType = sourcecode.swift; path = Enumeration.swift; sourceTree = "<group>"; };
		9FE02CC52A707CBC00D4E4B1 /* Week2Assignment.app */ = {isa = PBXFileReference; explicitFileType = wrapper.application; includeInIndex = 0; path = Week2Assignment.app; sourceTree = BUILT_PRODUCTS_DIR; };
		9FE02CC82A707CBC00D4E4B1 /* AppDelegate.swift */ = {isa = PBXFileReference; lastKnownFileType = sourcecode.swift; path = AppDelegate.swift; sourceTree = "<group>"; };
		9FE02CCA2A707CBC00D4E4B1 /* SceneDelegate.swift */ = {isa = PBXFileReference; lastKnownFileType = sourcecode.swift; path = SceneDelegate.swift; sourceTree = "<group>"; };
		9FE02CCC2A707CBC00D4E4B1 /* ViewController.swift */ = {isa = PBXFileReference; lastKnownFileType = sourcecode.swift; path = ViewController.swift; sourceTree = "<group>"; };
		9FE02CCF2A707CBC00D4E4B1 /* Base */ = {isa = PBXFileReference; lastKnownFileType = file.storyboard; name = Base; path = Base.lproj/Main.storyboard; sourceTree = "<group>"; };
		9FE02CD12A707CC100D4E4B1 /* Assets.xcassets */ = {isa = PBXFileReference; lastKnownFileType = folder.assetcatalog; path = Assets.xcassets; sourceTree = "<group>"; };
		9FE02CD42A707CC100D4E4B1 /* Base */ = {isa = PBXFileReference; lastKnownFileType = file.storyboard; name = Base; path = Base.lproj/LaunchScreen.storyboard; sourceTree = "<group>"; };
		9FE02CD62A707CC100D4E4B1 /* Info.plist */ = {isa = PBXFileReference; lastKnownFileType = text.plist.xml; path = Info.plist; sourceTree = "<group>"; };
		9FE02CDC2A707EEB00D4E4B1 /* EmotionViewController.swift */ = {isa = PBXFileReference; lastKnownFileType = sourcecode.swift; path = EmotionViewController.swift; sourceTree = "<group>"; };
		9FE02CDE2A70917900D4E4B1 /* DataViewController.swift */ = {isa = PBXFileReference; lastKnownFileType = sourcecode.swift; path = DataViewController.swift; sourceTree = "<group>"; };
/* End PBXFileReference section */

/* Begin PBXFrameworksBuildPhase section */
		9FE02CC22A707CBC00D4E4B1 /* Frameworks */ = {
			isa = PBXFrameworksBuildPhase;
			buildActionMask = 2147483647;
			files = (
			);
			runOnlyForDeploymentPostprocessing = 0;
		};
/* End PBXFrameworksBuildPhase section */

/* Begin PBXGroup section */
		9FE02CBC2A707CBC00D4E4B1 = {
			isa = PBXGroup;
			children = (
				9FE02CC72A707CBC00D4E4B1 /* Week2Assignment */,
				9FE02CC62A707CBC00D4E4B1 /* Products */,
			);
			sourceTree = "<group>";
		};
		9FE02CC62A707CBC00D4E4B1 /* Products */ = {
			isa = PBXGroup;
			children = (
				9FE02CC52A707CBC00D4E4B1 /* Week2Assignment.app */,
			);
			name = Products;
			sourceTree = "<group>";
		};
		9FE02CC72A707CBC00D4E4B1 /* Week2Assignment */ = {
			isa = PBXGroup;
			children = (
				9FE02CC82A707CBC00D4E4B1 /* AppDelegate.swift */,
				9FE02CCA2A707CBC00D4E4B1 /* SceneDelegate.swift */,
				9FE02CCC2A707CBC00D4E4B1 /* ViewController.swift */,
				9FE02CCE2A707CBC00D4E4B1 /* Main.storyboard */,
				9FE02CDE2A70917900D4E4B1 /* DataViewController.swift */,
				9FE02CDC2A707EEB00D4E4B1 /* EmotionViewController.swift */,
				9F6433DF2A709AB9005C6031 /* Enumeration.swift */,
				9FE02CD12A707CC100D4E4B1 /* Assets.xcassets */,
				9FE02CD32A707CC100D4E4B1 /* LaunchScreen.storyboard */,
				9FE02CD62A707CC100D4E4B1 /* Info.plist */,
			);
			path = Week2Assignment;
			sourceTree = "<group>";
		};
/* End PBXGroup section */

/* Begin PBXNativeTarget section */
		9FE02CC42A707CBC00D4E4B1 /* Week2Assignment */ = {
			isa = PBXNativeTarget;
			buildConfigurationList = 9FE02CD92A707CC100D4E4B1 /* Build configuration list for PBXNativeTarget "Week2Assignment" */;
			buildPhases = (
				9FE02CC12A707CBC00D4E4B1 /* Sources */,
				9FE02CC22A707CBC00D4E4B1 /* Frameworks */,
				9FE02CC32A707CBC00D4E4B1 /* Resources */,
			);
			buildRules = (
			);
			dependencies = (
			);
			name = Week2Assignment;
			productName = Week2Assignment;
			productReference = 9FE02CC52A707CBC00D4E4B1 /* Week2Assignment.app */;
			productType = "com.apple.product-type.application";
		};
/* End PBXNativeTarget section */

/* Begin PBXProject section */
		9FE02CBD2A707CBC00D4E4B1 /* Project object */ = {
			isa = PBXProject;
			attributes = {
				BuildIndependentTargetsInParallel = 1;
				LastSwiftUpdateCheck = 1430;
				LastUpgradeCheck = 1430;
				TargetAttributes = {
					9FE02CC42A707CBC00D4E4B1 = {
						CreatedOnToolsVersion = 14.3.1;
					};
				};
			};
			buildConfigurationList = 9FE02CC02A707CBC00D4E4B1 /* Build configuration list for PBXProject "Week2Assignment" */;
			compatibilityVersion = "Xcode 14.0";
			developmentRegion = en;
			hasScannedForEncodings = 0;
			knownRegions = (
				en,
				Base,
			);
			mainGroup = 9FE02CBC2A707CBC00D4E4B1;
			productRefGroup = 9FE02CC62A707CBC00D4E4B1 /* Products */;
			projectDirPath = "";
			projectRoot = "";
			targets = (
				9FE02CC42A707CBC00D4E4B1 /* Week2Assignment */,
			);
		};
/* End PBXProject section */

/* Begin PBXResourcesBuildPhase section */
		9FE02CC32A707CBC00D4E4B1 /* Resources */ = {
			isa = PBXResourcesBuildPhase;
			buildActionMask = 2147483647;
			files = (
				9FE02CD52A707CC100D4E4B1 /* LaunchScreen.storyboard in Resources */,
				9FE02CD22A707CC100D4E4B1 /* Assets.xcassets in Resources */,
				9FE02CD02A707CBC00D4E4B1 /* Main.storyboard in Resources */,
			);
			runOnlyForDeploymentPostprocessing = 0;
		};
/* End PBXResourcesBuildPhase section */

/* Begin PBXSourcesBuildPhase section */
		9FE02CC12A707CBC00D4E4B1 /* Sources */ = {
			isa = PBXSourcesBuildPhase;
			buildActionMask = 2147483647;
			files = (
				9FE02CDD2A707EEC00D4E4B1 /* EmotionViewController.swift in Sources */,
				9FE02CCD2A707CBC00D4E4B1 /* ViewController.swift in Sources */,
				9FE02CDF2A70917900D4E4B1 /* DataViewController.swift in Sources */,
				9FE02CC92A707CBC00D4E4B1 /* AppDelegate.swift in Sources */,
				9FE02CCB2A707CBC00D4E4B1 /* SceneDelegate.swift in Sources */,
				9F6433E02A709AB9005C6031 /* Enumeration.swift in Sources */,
			);
			runOnlyForDeploymentPostprocessing = 0;
		};
/* End PBXSourcesBuildPhase section */

/* Begin PBXVariantGroup section */
		9FE02CCE2A707CBC00D4E4B1 /* Main.storyboard */ = {
			isa = PBXVariantGroup;
			children = (
				9FE02CCF2A707CBC00D4E4B1 /* Base */,
			);
			name = Main.storyboard;
			sourceTree = "<group>";
		};
		9FE02CD32A707CC100D4E4B1 /* LaunchScreen.storyboard */ = {
			isa = PBXVariantGroup;
			children = (
				9FE02CD42A707CC100D4E4B1 /* Base */,
			);
			name = LaunchScreen.storyboard;
			sourceTree = "<group>";
		};
/* End PBXVariantGroup section */

/* Begin XCBuildConfiguration section */
		9FE02CD72A707CC100D4E4B1 /* Debug */ = {
			isa = XCBuildConfiguration;
			buildSettings = {
				ALWAYS_SEARCH_USER_PATHS = NO;
				CLANG_ANALYZER_NONNULL = YES;
				CLANG_ANALYZER_NUMBER_OBJECT_CONVERSION = YES_AGGRESSIVE;
				CLANG_CXX_LANGUAGE_STANDARD = "gnu++20";
				CLANG_ENABLE_MODULES = YES;
				CLANG_ENABLE_OBJC_ARC = YES;
				CLANG_ENABLE_OBJC_WEAK = YES;
				CLANG_WARN_BLOCK_CAPTURE_AUTORELEASING = YES;
				CLANG_WARN_BOOL_CONVERSION = YES;
				CLANG_WARN_COMMA = YES;
				CLANG_WARN_CONSTANT_CONVERSION = YES;
				CLANG_WARN_DEPRECATED_OBJC_IMPLEMENTATIONS = YES;
				CLANG_WARN_DIRECT_OBJC_ISA_USAGE = YES_ERROR;
				CLANG_WARN_DOCUMENTATION_COMMENTS = YES;
				CLANG_WARN_EMPTY_BODY = YES;
				CLANG_WARN_ENUM_CONVERSION = YES;
				CLANG_WARN_INFINITE_RECURSION = YES;
				CLANG_WARN_INT_CONVERSION = YES;
				CLANG_WARN_NON_LITERAL_NULL_CONVERSION = YES;
				CLANG_WARN_OBJC_IMPLICIT_RETAIN_SELF = YES;
				CLANG_WARN_OBJC_LITERAL_CONVERSION = YES;
				CLANG_WARN_OBJC_ROOT_CLASS = YES_ERROR;
				CLANG_WARN_QUOTED_INCLUDE_IN_FRAMEWORK_HEADER = YES;
				CLANG_WARN_RANGE_LOOP_ANALYSIS = YES;
				CLANG_WARN_STRICT_PROTOTYPES = YES;
				CLANG_WARN_SUSPICIOUS_MOVE = YES;
				CLANG_WARN_UNGUARDED_AVAILABILITY = YES_AGGRESSIVE;
				CLANG_WARN_UNREACHABLE_CODE = YES;
				CLANG_WARN__DUPLICATE_METHOD_MATCH = YES;
				COPY_PHASE_STRIP = NO;
				DEBUG_INFORMATION_FORMAT = dwarf;
				ENABLE_STRICT_OBJC_MSGSEND = YES;
				ENABLE_TESTABILITY = YES;
				GCC_C_LANGUAGE_STANDARD = gnu11;
				GCC_DYNAMIC_NO_PIC = NO;
				GCC_NO_COMMON_BLOCKS = YES;
				GCC_OPTIMIZATION_LEVEL = 0;
				GCC_PREPROCESSOR_DEFINITIONS = (
					"DEBUG=1",
					"$(inherited)",
				);
				GCC_WARN_64_TO_32_BIT_CONVERSION = YES;
				GCC_WARN_ABOUT_RETURN_TYPE = YES_ERROR;
				GCC_WARN_UNDECLARED_SELECTOR = YES;
				GCC_WARN_UNINITIALIZED_AUTOS = YES_AGGRESSIVE;
				GCC_WARN_UNUSED_FUNCTION = YES;
				GCC_WARN_UNUSED_VARIABLE = YES;
				IPHONEOS_DEPLOYMENT_TARGET = 16.4;
				MTL_ENABLE_DEBUG_INFO = INCLUDE_SOURCE;
				MTL_FAST_MATH = YES;
				ONLY_ACTIVE_ARCH = YES;
				SDKROOT = iphoneos;
				SWIFT_ACTIVE_COMPILATION_CONDITIONS = DEBUG;
				SWIFT_OPTIMIZATION_LEVEL = "-Onone";
			};
			name = Debug;
		};
		9FE02CD82A707CC100D4E4B1 /* Release */ = {
			isa = XCBuildConfiguration;
			buildSettings = {
				ALWAYS_SEARCH_USER_PATHS = NO;
				CLANG_ANALYZER_NONNULL = YES;
				CLANG_ANALYZER_NUMBER_OBJECT_CONVERSION = YES_AGGRESSIVE;
				CLANG_CXX_LANGUAGE_STANDARD = "gnu++20";
				CLANG_ENABLE_MODULES = YES;
				CLANG_ENABLE_OBJC_ARC = YES;
				CLANG_ENABLE_OBJC_WEAK = YES;
				CLANG_WARN_BLOCK_CAPTURE_AUTORELEASING = YES;
				CLANG_WARN_BOOL_CONVERSION = YES;
				CLANG_WARN_COMMA = YES;
				CLANG_WARN_CONSTANT_CONVERSION = YES;
				CLANG_WARN_DEPRECATED_OBJC_IMPLEMENTATIONS = YES;
				CLANG_WARN_DIRECT_OBJC_ISA_USAGE = YES_ERROR;
				CLANG_WARN_DOCUMENTATION_COMMENTS = YES;
				CLANG_WARN_EMPTY_BODY = YES;
				CLANG_WARN_ENUM_CONVERSION = YES;
				CLANG_WARN_INFINITE_RECURSION = YES;
				CLANG_WARN_INT_CONVERSION = YES;
				CLANG_WARN_NON_LITERAL_NULL_CONVERSION = YES;
				CLANG_WARN_OBJC_IMPLICIT_RETAIN_SELF = YES;
				CLANG_WARN_OBJC_LITERAL_CONVERSION = YES;
				CLANG_WARN_OBJC_ROOT_CLASS = YES_ERROR;
				CLANG_WARN_QUOTED_INCLUDE_IN_FRAMEWORK_HEADER = YES;
				CLANG_WARN_RANGE_LOOP_ANALYSIS = YES;
				CLANG_WARN_STRICT_PROTOTYPES = YES;
				CLANG_WARN_SUSPICIOUS_MOVE = YES;
				CLANG_WARN_UNGUARDED_AVAILABILITY = YES_AGGRESSIVE;
				CLANG_WARN_UNREACHABLE_CODE = YES;
				CLANG_WARN__DUPLICATE_METHOD_MATCH = YES;
				COPY_PHASE_STRIP = NO;
				DEBUG_INFORMATION_FORMAT = "dwarf-with-dsym";
				ENABLE_NS_ASSERTIONS = NO;
				ENABLE_STRICT_OBJC_MSGSEND = YES;
				GCC_C_LANGUAGE_STANDARD = gnu11;
				GCC_NO_COMMON_BLOCKS = YES;
				GCC_WARN_64_TO_32_BIT_CONVERSION = YES;
				GCC_WARN_ABOUT_RETURN_TYPE = YES_ERROR;
				GCC_WARN_UNDECLARED_SELECTOR = YES;
				GCC_WARN_UNINITIALIZED_AUTOS = YES_AGGRESSIVE;
				GCC_WARN_UNUSED_FUNCTION = YES;
				GCC_WARN_UNUSED_VARIABLE = YES;
				IPHONEOS_DEPLOYMENT_TARGET = 16.4;
				MTL_ENABLE_DEBUG_INFO = NO;
				MTL_FAST_MATH = YES;
				SDKROOT = iphoneos;
				SWIFT_COMPILATION_MODE = wholemodule;
				SWIFT_OPTIMIZATION_LEVEL = "-O";
				VALIDATE_PRODUCT = YES;
			};
			name = Release;
		};
		9FE02CDA2A707CC100D4E4B1 /* Debug */ = {
			isa = XCBuildConfiguration;
			buildSettings = {
				ASSETCATALOG_COMPILER_APPICON_NAME = AppIcon;
				ASSETCATALOG_COMPILER_GLOBAL_ACCENT_COLOR_NAME = AccentColor;
				CODE_SIGN_STYLE = Automatic;
				CURRENT_PROJECT_VERSION = 1;
				DEVELOPMENT_TEAM = NDA4XU9NWX;
				GENERATE_INFOPLIST_FILE = YES;
				INFOPLIST_FILE = Week2Assignment/Info.plist;
				INFOPLIST_KEY_UIApplicationSupportsIndirectInputEvents = YES;
				INFOPLIST_KEY_UILaunchStoryboardName = LaunchScreen;
				INFOPLIST_KEY_UIMainStoryboardFile = Main;
				INFOPLIST_KEY_UISupportedInterfaceOrientations = UIInterfaceOrientationPortrait;
				INFOPLIST_KEY_UISupportedInterfaceOrientations_iPad = "UIInterfaceOrientationLandscapeLeft UIInterfaceOrientationLandscapeRight UIInterfaceOrientationPortrait UIInterfaceOrientationPortraitUpsideDown";
				LD_RUNPATH_SEARCH_PATHS = (
					"$(inherited)",
					"@executable_path/Frameworks",
				);
				MARKETING_VERSION = 1.0;
				PRODUCT_BUNDLE_IDENTIFIER = com.sesac.Week2Assignment;
				PRODUCT_NAME = "$(TARGET_NAME)";
				SUPPORTED_PLATFORMS = "iphoneos iphonesimulator";
				SUPPORTS_MACCATALYST = NO;
				SUPPORTS_MAC_DESIGNED_FOR_IPHONE_IPAD = NO;
				SWIFT_EMIT_LOC_STRINGS = YES;
				SWIFT_VERSION = 5.0;
				TARGETED_DEVICE_FAMILY = 1;
			};
			name = Debug;
		};
		9FE02CDB2A707CC100D4E4B1 /* Release */ = {
			isa = XCBuildConfiguration;
			buildSettings = {
				ASSETCATALOG_COMPILER_APPICON_NAME = AppIcon;
				ASSETCATALOG_COMPILER_GLOBAL_ACCENT_COLOR_NAME = AccentColor;
				CODE_SIGN_STYLE = Automatic;
				CURRENT_PROJECT_VERSION = 1;
				DEVELOPMENT_TEAM = NDA4XU9NWX;
				GENERATE_INFOPLIST_FILE = YES;
				INFOPLIST_FILE = Week2Assignment/Info.plist;
				INFOPLIST_KEY_UIApplicationSupportsIndirectInputEvents = YES;
				INFOPLIST_KEY_UILaunchStoryboardName = LaunchScreen;
				INFOPLIST_KEY_UIMainStoryboardFile = Main;
				INFOPLIST_KEY_UISupportedInterfaceOrientations = UIInterfaceOrientationPortrait;
				INFOPLIST_KEY_UISupportedInterfaceOrientations_iPad = "UIInterfaceOrientationLandscapeLeft UIInterfaceOrientationLandscapeRight UIInterfaceOrientationPortrait UIInterfaceOrientationPortraitUpsideDown";
				LD_RUNPATH_SEARCH_PATHS = (
					"$(inherited)",
					"@executable_path/Frameworks",
				);
				MARKETING_VERSION = 1.0;
				PRODUCT_BUNDLE_IDENTIFIER = com.sesac.Week2Assignment;
				PRODUCT_NAME = "$(TARGET_NAME)";
				SUPPORTED_PLATFORMS = "iphoneos iphonesimulator";
				SUPPORTS_MACCATALYST = NO;
				SUPPORTS_MAC_DESIGNED_FOR_IPHONE_IPAD = NO;
				SWIFT_EMIT_LOC_STRINGS = YES;
				SWIFT_VERSION = 5.0;
				TARGETED_DEVICE_FAMILY = 1;
			};
			name = Release;
		};
/* End XCBuildConfiguration section */

/* Begin XCConfigurationList section */
		9FE02CC02A707CBC00D4E4B1 /* Build configuration list for PBXProject "Week2Assignment" */ = {
			isa = XCConfigurationList;
			buildConfigurations = (
				9FE02CD72A707CC100D4E4B1 /* Debug */,
				9FE02CD82A707CC100D4E4B1 /* Release */,
			);
			defaultConfigurationIsVisible = 0;
			defaultConfigurationName = Release;
		};
		9FE02CD92A707CC100D4E4B1 /* Build configuration list for PBXNativeTarget "Week2Assignment" */ = {
			isa = XCConfigurationList;
			buildConfigurations = (
				9FE02CDA2A707CC100D4E4B1 /* Debug */,
				9FE02CDB2A707CC100D4E4B1 /* Release */,
			);
			defaultConfigurationIsVisible = 0;
			defaultConfigurationName = Release;
		};
/* End XCConfigurationList section */
	};
	rootObject = 9FE02CBD2A707CBC00D4E4B1 /* Project object */;
}
